
Microsoft Visual Studio Solution File, Format Version 12.00
# Visual Studio Version 16
VisualStudioVersion = 16.0.29613.14
MinimumVisualStudioVersion = 10.0.40219.1
Project("{9A19103F-16F7-4668-BE54-9A1E7A4F7556}") = "Demo", "src\Demo\Demo.csproj", "{8590CAE3-5DEF-4203-8F97-A9EB64627AE0}"
EndProject
Project("{9A19103F-16F7-4668-BE54-9A1E7A4F7556}") = "UnitTests", "src\UnitTests\UnitTests.csproj", "{2F5CAB55-E871-42E5-A6B4-1DFCDED3A6A5}"
EndProject
Project("{9A19103F-16F7-4668-BE54-9A1E7A4F7556}") = "Core", "src\Core\Core.csproj", "{C3DF80A3-6CE9-4178-980A-C1E773D52B17}"
EndProject
Global
	GlobalSection(SolutionConfigurationPlatforms) = preSolution
		Debug|Any CPU = Debug|Any CPU
		Release|Any CPU = Release|Any CPU
	EndGlobalSection
	GlobalSection(ProjectConfigurationPlatforms) = postSolution
		{8590CAE3-5DEF-4203-8F97-A9EB64627AE0}.Debug|Any CPU.ActiveCfg = Debug|Any CPU
		{8590CAE3-5DEF-4203-8F97-A9EB64627AE0}.Debug|Any CPU.Build.0 = Debug|Any CPU
		{8590CAE3-5DEF-4203-8F97-A9EB64627AE0}.Release|Any CPU.ActiveCfg = Release|Any CPU
		{8590CAE3-5DEF-4203-8F97-A9EB64627AE0}.Release|Any CPU.Build.0 = Release|Any CPU
		{2F5CAB55-E871-42E5-A6B4-1DFCDED3A6A5}.Debug|Any CPU.ActiveCfg = Debug|Any CPU
		{2F5CAB55-E871-42E5-A6B4-1DFCDED3A6A5}.Debug|Any CPU.Build.0 = Debug|Any CPU
		{2F5CAB55-E871-42E5-A6B4-1DFCDED3A6A5}.Release|Any CPU.ActiveCfg = Release|Any CPU
		{2F5CAB55-E871-42E5-A6B4-1DFCDED3A6A5}.Release|Any CPU.Build.0 = Release|Any CPU
		{C3DF80A3-6CE9-4178-980A-C1E773D52B17}.Debug|Any CPU.ActiveCfg = Debug|Any CPU
		{C3DF80A3-6CE9-4178-980A-C1E773D52B17}.Debug|Any CPU.Build.0 = Debug|Any CPU
		{C3DF80A3-6CE9-4178-980A-C1E773D52B17}.Release|Any CPU.ActiveCfg = Release|Any CPU
		{C3DF80A3-6CE9-4178-980A-C1E773D52B17}.Release|Any CPU.Build.0 = Release|Any CPU
	EndGlobalSection
	GlobalSection(SolutionProperties) = preSolution
		HideSolutionNode = FALSE
	EndGlobalSection
	GlobalSection(ExtensibilityGlobals) = postSolution
		SolutionGuid = {95E97243-4E82-4B6E-8E5A-6142D8FBF188}
	EndGlobalSection
EndGlobal
